# THIS IS AN AUTOGENERATED FILE. DO NOT EDIT THIS FILE DIRECTLY.
# yarn lockfile v1


axios@^0.20.0:
  version "0.20.0"
  resolved "https://registry.yarnpkg.com/axios/-/axios-0.20.0.tgz#057ba30f04884694993a8cd07fa394cff11c50bd"
  integrity sha512-ANA4rr2BDcmmAQLOKft2fufrtuvlqR+cXNNinUmvfeSNCOF98PZL+7M/v1zIdGo7OLjEA9J2gXJL+j4zGsl0bA==
  dependencies:
    follow-redirects "^1.10.0"

follow-redirects@^1.10.0:
  version "1.15.2"
  resolved "https://registry.yarnpkg.com/follow-redirects/-/follow-redirects-1.15.2.tgz#b460864144ba63f2681096f274c4e57026da2c13"
  integrity sha512-VQLG33o04KaQ8uYi2tVNbdrWp1QWxNNea+nmIB4EVM28v0hmP17z7aG1+wAkNzVq4KeXTq3221ye5qTJP91JwA==
